
Microsoft Visual Studio Solution File, Format Version 12.00
# Visual Studio 15
VisualStudioVersion = 15.0.28307.572
MinimumVisualStudioVersion = 10.0.40219.1
Project("{FAE04EC0-301F-11D3-BF4B-00C04F79EFBC}") = "HololensJobFunctionApp1", "HololensJobFunctionApp1\HololensJobFunctionApp1.csproj", "{B1DBDA25-6A91-4D34-A95E-D306DAD00862}"
EndProject
Global
	GlobalSection(SolutionConfigurationPlatforms) = preSolution
		Debug|Any CPU = Debug|Any CPU
		Release|Any CPU = Release|Any CPU
	EndGlobalSection
	GlobalSection(ProjectConfigurationPlatforms) = postSolution
		{B1DBDA25-6A91-4D34-A95E-D306DAD00862}.Debug|Any CPU.ActiveCfg = Debug|Any CPU
		{B1DBDA25-6A91-4D34-A95E-D306DAD00862}.Debug|Any CPU.Build.0 = Debug|Any CPU
		{B1DBDA25-6A91-4D34-A95E-D306DAD00862}.Release|Any CPU.ActiveCfg = Release|Any CPU
		{B1DBDA25-6A91-4D34-A95E-D306DAD00862}.Release|Any CPU.Build.0 = Release|Any CPU
	EndGlobalSection
	GlobalSection(SolutionProperties) = preSolution
		HideSolutionNode = FALSE
	EndGlobalSection
	GlobalSection(ExtensibilityGlobals) = postSolution
		SolutionGuid = {A5F08F67-E613-4E98-B8AF-D2234732193A}
	EndGlobalSection
EndGlobal
